
Microsoft Visual Studio Solution File, Format Version 12.00
# Visual Studio Version 17
VisualStudioVersion = 17.4.33403.182
MinimumVisualStudioVersion = 10.0.40219.1
Project("{2150E333-8FDC-42A3-9474-1A3956D46DE8}") = "Solution Items", "Solution Items", "{02F146E0-E498-451D-9FAB-1F9BE8D6F3DD}"
	ProjectSection(SolutionItems) = preProject
		.editorconfig = .editorconfig
	EndProjectSection
EndProject
Project("{9A19103F-16F7-4668-BE54-9A1E7A4F7556}") = "EveriHelixAPI", "src\EveriHelixAPI.csproj", "{A2233114-D21F-45C3-9D26-32A8C1A96234}"
EndProject
Project("{9A19103F-16F7-4668-BE54-9A1E7A4F7556}") = "EveriHelixAPITester", "tests\EveriHelixAPITester.csproj", "{BEEC1532-A2EE-44E0-95A0-410D3F6FA64D}"
EndProject
Global
	GlobalSection(SolutionConfigurationPlatforms) = preSolution
		Debug|Any CPU = Debug|Any CPU
		Release|Any CPU = Release|Any CPU
	EndGlobalSection
	GlobalSection(ProjectConfigurationPlatforms) = postSolution
		{A2233114-D21F-45C3-9D26-32A8C1A96234}.Debug|Any CPU.ActiveCfg = Debug|Any CPU
		{A2233114-D21F-45C3-9D26-32A8C1A96234}.Debug|Any CPU.Build.0 = Debug|Any CPU
		{A2233114-D21F-45C3-9D26-32A8C1A96234}.Release|Any CPU.ActiveCfg = Release|Any CPU
		{A2233114-D21F-45C3-9D26-32A8C1A96234}.Release|Any CPU.Build.0 = Release|Any CPU
		{BEEC1532-A2EE-44E0-95A0-410D3F6FA64D}.Debug|Any CPU.ActiveCfg = Debug|Any CPU
		{BEEC1532-A2EE-44E0-95A0-410D3F6FA64D}.Debug|Any CPU.Build.0 = Debug|Any CPU
		{BEEC1532-A2EE-44E0-95A0-410D3F6FA64D}.Release|Any CPU.ActiveCfg = Release|Any CPU
		{BEEC1532-A2EE-44E0-95A0-410D3F6FA64D}.Release|Any CPU.Build.0 = Release|Any CPU
	EndGlobalSection
	GlobalSection(SolutionProperties) = preSolution
		HideSolutionNode = FALSE
	EndGlobalSection
	GlobalSection(ExtensibilityGlobals) = postSolution
		SolutionGuid = {95E4B3C1-179B-46B3-A451-C221CAF4AA5B}
	EndGlobalSection
EndGlobal
